{
  "name": "@resultsafe/core-fp-result",
  "version": "0.1.6",
  "lockfileVersion": 3,
  "requires": true,
  "packages": {
    "": {
      "name": "@resultsafe/core-fp-result",
      "version": "0.1.6",
      "dependencies": {
        "@resultsafe/core-fp-result": "file:.tmp-smoke/resultsafe-core-fp-result-0.1.0.tgz"
      }
    },
    "../option": {
      "name": "@resultsafe/core-fp-option",
      "version": "1.0.0",
      "extraneous": true,
      "license": "MIT",
      "dependencies": {
        "@resultsafe/core-fp-option-shared": "workspace:*",
        "@resultsafe/core-fp-result-shared": "workspace:*"
      }
    },
    "../option-shared": {
      "name": "@resultsafe/core-fp-option-shared",
      "version": "0.1.0",
      "extraneous": true
    },
    "../result-shared": {
      "name": "@resultsafe/core-fp-result-shared",
      "version": "0.1.0",
      "extraneous": true
    },
    "../union": {
      "name": "@resultsafe/core-fp-union",
      "version": "0.1.0",
      "extraneous": true
    },
    "node_modules/@resultsafe/core-fp-result": {
      "version": "0.1.0",
      "resolved": "file:.tmp-smoke/resultsafe-core-fp-result-0.1.0.tgz",
      "integrity": "sha512-eL7DrXHYzyyOHJS+JV2SCxz/HEtxLj8EcijMV48zByyfvN/oU0tjdLWoFktOQMniwHapoPvN6OVxnfcEAqmK0A=="
    }
  }
}
